
Microsoft Visual Studio Solution File, Format Version 12.00
# Visual Studio Version 16
VisualStudioVersion = 16.0.31025.194
MinimumVisualStudioVersion = 10.0.40219.1
Project("{2150E333-8FDC-42A3-9474-1A3956D46DE8}") = "src", "src", "{A85B3243-C040-4E81-9329-C1A3F9B3A19A}"
EndProject
Project("{9A19103F-16F7-4668-BE54-9A1E7A4F7556}") = "LeoTuna.Admin.Web", "src\LeoTuna.Admin.Web\LeoTuna.Admin.Web.csproj", "{26C98006-3E29-4EA7-B4AC-5BEA62E00113}"
EndProject
Global
	GlobalSection(SolutionConfigurationPlatforms) = preSolution
		Debug|Any CPU = Debug|Any CPU
		Release|Any CPU = Release|Any CPU
	EndGlobalSection
	GlobalSection(ProjectConfigurationPlatforms) = postSolution
		{26C98006-3E29-4EA7-B4AC-5BEA62E00113}.Debug|Any CPU.ActiveCfg = Debug|Any CPU
		{26C98006-3E29-4EA7-B4AC-5BEA62E00113}.Debug|Any CPU.Build.0 = Debug|Any CPU
		{26C98006-3E29-4EA7-B4AC-5BEA62E00113}.Release|Any CPU.ActiveCfg = Release|Any CPU
		{26C98006-3E29-4EA7-B4AC-5BEA62E00113}.Release|Any CPU.Build.0 = Release|Any CPU
	EndGlobalSection
	GlobalSection(SolutionProperties) = preSolution
		HideSolutionNode = FALSE
	EndGlobalSection
	GlobalSection(NestedProjects) = preSolution
		{26C98006-3E29-4EA7-B4AC-5BEA62E00113} = {A85B3243-C040-4E81-9329-C1A3F9B3A19A}
	EndGlobalSection
	GlobalSection(ExtensibilityGlobals) = postSolution
		SolutionGuid = {BC885D1C-0686-4119-B895-D067D9EF0041}
	EndGlobalSection
EndGlobal
